<?xml version="1.0" encoding="utf-8"?>
<Project ToolsVersion="4.0" xmlns="http://schemas.microsoft.com/developer/msbuild/2003">
  <ItemGroup>
    <ClCompile Include="LUA\lapi.c">
      <Filter>LUA</Filter>
    </ClCompile>
    <ClCompile Include="LUA\lauxlib.c">
      <Filter>LUA</Filter>
    </ClCompile>
    <ClCompile Include="LUA\lbaselib.c">
      <Filter>LUA</Filter>
    </ClCompile>
    <ClCompile Include="LUA\lbitlib.c">
      <Filter>LUA</Filter>
    </ClCompile>
    <ClCompile Include="LUA\lcode.c">
      <Filter>LUA</Filter>
    </ClCompile>
    <ClCompile Include="LUA\lcorolib.c">
      <Filter>LUA</Filter>
    </ClCompile>
    <ClCompile Include="LUA\lctype.c">
      <Filter>LUA</Filter>
    </ClCompile>
    <ClCompile Include="LUA\ldblib.c">
      <Filter>LUA</Filter>
    </ClCompile>
    <ClCompile Include="LUA\ldebug.c">
      <Filter>LUA</Filter>
    </ClCompile>
    <ClCompile Include="LUA\ldo.c">
      <Filter>LUA</Filter>
    </ClCompile>
    <ClCompile Include="LUA\ldump.c">
      <Filter>LUA</Filter>
    </ClCompile>
    <ClCompile Include="LUA\lfunc.c">
      <Filter>LUA</Filter>
    </ClCompile>
    <ClCompile Include="LUA\lgc.c">
      <Filter>LUA</Filter>
    </ClCompile>
    <ClCompile Include="LUA\linit.c">
      <Filter>LUA</Filter>
    </ClCompile>
    <ClCompile Include="LUA\liolib.c">
      <Filter>LUA</Filter>
    </ClCompile>
    <ClCompile Include="LUA\llex.c">
      <Filter>LUA</Filter>
    </ClCompile>
    <ClCompile Include="LUA\lmathlib.c">
      <Filter>LUA</Filter>
    </ClCompile>
    <ClCompile Include="LUA\lmem.c">
      <Filter>LUA</Filter>
    </ClCompile>
    <ClCompile Include="LUA\loadlib.c">
      <Filter>LUA</Filter>
    </ClCompile>
    <ClCompile Include="LUA\lobject.c">
      <Filter>LUA</Filter>
    </ClCompile>
    <ClCompile Include="LUA\lopcodes.c">
      <Filter>LUA</Filter>
    </ClCompile>
    <ClCompile Include="LUA\loslib.c">
      <Filter>LUA</Filter>
    </ClCompile>
    <ClCompile Include="LUA\lparser.c">
      <Filter>LUA</Filter>
    </ClCompile>
    <ClCompile Include="LUA\lstate.c">
      <Filter>LUA</Filter>
    </ClCompile>
    <ClCompile Include="LUA\lstring.c">
      <Filter>LUA</Filter>
    </ClCompile>
    <ClCompile Include="LUA\lstrlib.c">
      <Filter>LUA</Filter>
    </ClCompile>
    <ClCompile Include="LUA\ltable.c">
      <Filter>LUA</Filter>
    </ClCompile>
    <ClCompile Include="LUA\ltablib.c">
      <Filter>LUA</Filter>
    </ClCompile>
    <ClCompile Include="LUA\ltm.c">
      <Filter>LUA</Filter>
    </ClCompile>
    <ClCompile Include="LUA\lundump.c">
      <Filter>LUA</Filter>
    </ClCompile>
    <ClCompile Include="LUA\lvm.c">
      <Filter>LUA</Filter>
    </ClCompile>
    <ClCompile Include="LUA\lzio.c">
      <Filter>LUA</Filter>
    </ClCompile>
    <ClCompile Include="Character.cpp">
      <Filter>Source</Filter>
    </ClCompile>
    <ClCompile Include="Core.cpp">
      <Filter>Source</Filter>
    </ClCompile>
    <ClCompile Include="DebugConsole.cpp">
      <Filter>Source</Filter>
    </ClCompile>
    <ClCompile Include="DebugInput.cpp">
      <Filter>Source</Filter>
    </ClCompile>
    <ClCompile Include="GF.cpp">
      <Filter>Source</Filter>
    </ClCompile>
    <ClCompile Include="IngameMenu.cpp">
      <Filter>Source</Filter>
    </ClCompile>
    <ClCompile Include="Input.cpp">
      <Filter>Source</Filter>
    </ClCompile>
    <ClCompile Include="Item.cpp">
      <Filter>Source</Filter>
    </ClCompile>
    <ClCompile Include="LuaHandler.cpp">
      <Filter>Source</Filter>
    </ClCompile>
    <ClCompile Include="NPC.cpp">
      <Filter>Source</Filter>
    </ClCompile>
    <ClCompile Include="Part.cpp">
      <Filter>Source</Filter>
    </ClCompile>
    <ClCompile Include="Particle.cpp">
      <Filter>Source</Filter>
    </ClCompile>
    <ClCompile Include="Player.cpp">
      <Filter>Source</Filter>
    </ClCompile>
    <ClCompile Include="Projectile.cpp">
      <Filter>Source</Filter>
    </ClCompile>
    <ClCompile Include="Script.cpp">
      <Filter>Source</Filter>
    </ClCompile>
    <ClCompile Include="template.cpp">
      <Filter>Source</Filter>
    </ClCompile>
    <ClCompile Include="UI.cpp">
      <Filter>Source</Filter>
    </ClCompile>
    <ClCompile Include="Weapon.cpp">
      <Filter>Source</Filter>
    </ClCompile>
    <ClCompile Include="World.cpp">
      <Filter>Source</Filter>
    </ClCompile>
    <ClCompile Include="WorldSim.cpp">
      <Filter>Source</Filter>
    </ClCompile>
    <ClCompile Include="zString.cpp">
      <Filter>Source</Filter>
    </ClCompile>
    <ClCompile Include="DataReader.cpp">
      <Filter>Source</Filter>
    </ClCompile>
  </ItemGroup>
  <ItemGroup>
    <ClInclude Include="LUA\lapi.h">
      <Filter>LUA</Filter>
    </ClInclude>
    <ClInclude Include="LUA\lauxlib.h">
      <Filter>LUA</Filter>
    </ClInclude>
    <ClInclude Include="LUA\lcode.h">
      <Filter>LUA</Filter>
    </ClInclude>
    <ClInclude Include="LUA\lctype.h">
      <Filter>LUA</Filter>
    </ClInclude>
    <ClInclude Include="LUA\ldebug.h">
      <Filter>LUA</Filter>
    </ClInclude>
    <ClInclude Include="LUA\ldo.h">
      <Filter>LUA</Filter>
    </ClInclude>
    <ClInclude Include="LUA\lfunc.h">
      <Filter>LUA</Filter>
    </ClInclude>
    <ClInclude Include="LUA\lgc.h">
      <Filter>LUA</Filter>
    </ClInclude>
    <ClInclude Include="LUA\llex.h">
      <Filter>LUA</Filter>
    </ClInclude>
    <ClInclude Include="LUA\llimits.h">
      <Filter>LUA</Filter>
    </ClInclude>
    <ClInclude Include="LUA\lmem.h">
      <Filter>LUA</Filter>
    </ClInclude>
    <ClInclude Include="LUA\lobject.h">
      <Filter>LUA</Filter>
    </ClInclude>
    <ClInclude Include="LUA\lopcodes.h">
      <Filter>LUA</Filter>
    </ClInclude>
    <ClInclude Include="LUA\lparser.h">
      <Filter>LUA</Filter>
    </ClInclude>
    <ClInclude Include="LUA\lstate.h">
      <Filter>LUA</Filter>
    </ClInclude>
    <ClInclude Include="LUA\lstring.h">
      <Filter>LUA</Filter>
    </ClInclude>
    <ClInclude Include="LUA\ltable.h">
      <Filter>LUA</Filter>
    </ClInclude>
    <ClInclude Include="LUA\ltm.h">
      <Filter>LUA</Filter>
    </ClInclude>
    <ClInclude Include="LUA\lua.h">
      <Filter>LUA</Filter>
    </ClInclude>
    <ClInclude Include="LUA\lua.hpp">
      <Filter>LUA</Filter>
    </ClInclude>
    <ClInclude Include="LUA\luaconf.h">
      <Filter>LUA</Filter>
    </ClInclude>
    <ClInclude Include="LUA\lualib.h">
      <Filter>LUA</Filter>
    </ClInclude>
    <ClInclude Include="LUA\lundump.h">
      <Filter>LUA</Filter>
    </ClInclude>
    <ClInclude Include="LUA\lvm.h">
      <Filter>LUA</Filter>
    </ClInclude>
    <ClInclude Include="LUA\lzio.h">
      <Filter>LUA</Filter>
    </ClInclude>
    <ClInclude Include="Character.h">
      <Filter>Headers</Filter>
    </ClInclude>
    <ClInclude Include="DataReader.h">
      <Filter>Headers</Filter>
    </ClInclude>
    <ClInclude Include="zString.h">
      <Filter>Headers</Filter>
    </ClInclude>
    <ClInclude Include="DebugConsole.h">
      <Filter>Headers</Filter>
    </ClInclude>
    <ClInclude Include="DebugInput.h">
      <Filter>Headers</Filter>
    </ClInclude>
    <ClInclude Include="GF.h">
      <Filter>Headers</Filter>
    </ClInclude>
    <ClInclude Include="IngameMenu.h">
      <Filter>Headers</Filter>
    </ClInclude>
    <ClInclude Include="Input.h">
      <Filter>Headers</Filter>
    </ClInclude>
    <ClInclude Include="Item.h">
      <Filter>Headers</Filter>
    </ClInclude>
    <ClInclude Include="LuaHandler.h">
      <Filter>Headers</Filter>
    </ClInclude>
    <ClInclude Include="NPC.h">
      <Filter>Headers</Filter>
    </ClInclude>
    <ClInclude Include="Part.h">
      <Filter>Headers</Filter>
    </ClInclude>
    <ClInclude Include="Particle.h">
      <Filter>Headers</Filter>
    </ClInclude>
    <ClInclude Include="Player.h">
      <Filter>Headers</Filter>
    </ClInclude>
    <ClInclude Include="Projectile.h">
      <Filter>Headers</Filter>
    </ClInclude>
    <ClInclude Include="Script.h">
      <Filter>Headers</Filter>
    </ClInclude>
    <ClInclude Include="template.h">
      <Filter>Headers</Filter>
    </ClInclude>
    <ClInclude Include="UI.h">
      <Filter>Headers</Filter>
    </ClInclude>
    <ClInclude Include="Weapon.h">
      <Filter>Headers</Filter>
    </ClInclude>
    <ClInclude Include="World.h">
      <Filter>Headers</Filter>
    </ClInclude>
    <ClInclude Include="WorldSim.h">
      <Filter>Headers</Filter>
    </ClInclude>
  </ItemGroup>
  <ItemGroup>
    <Filter Include="LUA">
      <UniqueIdentifier>{d4de5977-2b49-4a79-b513-17cdbb166fea}</UniqueIdentifier>
    </Filter>
    <Filter Include="Source">
      <UniqueIdentifier>{cfbd5cbd-da21-4066-8d44-ff3ce17e1d4b}</UniqueIdentifier>
    </Filter>
    <Filter Include="Headers">
      <UniqueIdentifier>{6632f623-3fcf-4c29-969a-88d3bad84638}</UniqueIdentifier>
    </Filter>
  </ItemGroup>
</Project>